// !$*UTF8*$!
{
	archiveVersion = 1;
	classes = {
	};
	objectVersion = 56;
	objects = {

/* Begin PBXBuildFile section */
		195511C92A2A703700E04C05 /* CurrencyConverter.swift in Sources */ = {isa = PBXBuildFile; fileRef = 195511C82A2A703700E04C05 /* CurrencyConverter.swift */; };
		195511CB2A2AA8A900E04C05 /* ViewModelsHelper.swift in Sources */ = {isa = PBXBuildFile; fileRef = 195511CA2A2AA8A900E04C05 /* ViewModelsHelper.swift */; };
		195511CD2A2AAAAA00E04C05 /* UIViewControllerHelper.swift in Sources */ = {isa = PBXBuildFile; fileRef = 195511CC2A2AAAAA00E04C05 /* UIViewControllerHelper.swift */; };
		1971AD5F2A29016200F2491C /* CurrenciesDetailsVC.swift in Sources */ = {isa = PBXBuildFile; fileRef = 1971AD5E2A29016200F2491C /* CurrenciesDetailsVC.swift */; };
		1971AD612A29017000F2491C /* CurrenciesDetailsVC.storyboard in Resources */ = {isa = PBXBuildFile; fileRef = 1971AD602A29017000F2491C /* CurrenciesDetailsVC.storyboard */; };
		1971AD642A29252F00F2491C /* RealmDbType.swift in Sources */ = {isa = PBXBuildFile; fileRef = 1971AD632A29252F00F2491C /* RealmDbType.swift */; };
		1971AD662A29259E00F2491C /* TransactionDb.swift in Sources */ = {isa = PBXBuildFile; fileRef = 1971AD652A29259E00F2491C /* TransactionDb.swift */; };
		1971AD682A2925F700F2491C /* TransactionObject.swift in Sources */ = {isa = PBXBuildFile; fileRef = 1971AD672A2925F700F2491C /* TransactionObject.swift */; };
		1971AD6A2A29263E00F2491C /* TransactionModel.swift in Sources */ = {isa = PBXBuildFile; fileRef = 1971AD692A29263E00F2491C /* TransactionModel.swift */; };
		1971AD6C2A292E7A00F2491C /* CurrenciesDetailsViewModel.swift in Sources */ = {isa = PBXBuildFile; fileRef = 1971AD6B2A292E7A00F2491C /* CurrenciesDetailsViewModel.swift */; };
		1971AD6E2A29331F00F2491C /* TableViewHelper.swift in Sources */ = {isa = PBXBuildFile; fileRef = 1971AD6D2A29331F00F2491C /* TableViewHelper.swift */; };
		1971AD722A29335300F2491C /* TransactionTableViewCell.swift in Sources */ = {isa = PBXBuildFile; fileRef = 1971AD702A29335300F2491C /* TransactionTableViewCell.swift */; };
		1971AD732A29335300F2491C /* TransactionTableViewCell.xib in Resources */ = {isa = PBXBuildFile; fileRef = 1971AD712A29335300F2491C /* TransactionTableViewCell.xib */; };
		1971AD752A29356E00F2491C /* TransactionCellModel.swift in Sources */ = {isa = PBXBuildFile; fileRef = 1971AD742A29356E00F2491C /* TransactionCellModel.swift */; };
		1971AD772A2935D000F2491C /* DateHelper.swift in Sources */ = {isa = PBXBuildFile; fileRef = 1971AD762A2935D000F2491C /* DateHelper.swift */; };
		1971AD7B2A29491D00F2491C /* RecentConversionsVC.swift in Sources */ = {isa = PBXBuildFile; fileRef = 1971AD7A2A29491D00F2491C /* RecentConversionsVC.swift */; };
		1971AD7D2A29493700F2491C /* RecentConversionsVC.storyboard in Resources */ = {isa = PBXBuildFile; fileRef = 1971AD7C2A29493700F2491C /* RecentConversionsVC.storyboard */; };
		1971AD812A2949B700F2491C /* RecentConversionsViewModel.swift in Sources */ = {isa = PBXBuildFile; fileRef = 1971AD802A2949B700F2491C /* RecentConversionsViewModel.swift */; };
		1971AD862A2959AC00F2491C /* OtherCurrenciesConverionsVC.swift in Sources */ = {isa = PBXBuildFile; fileRef = 1971AD852A2959AC00F2491C /* OtherCurrenciesConverionsVC.swift */; };
		1971AD882A2959BA00F2491C /* OtherCurrenciesConverionsVC.storyboard in Resources */ = {isa = PBXBuildFile; fileRef = 1971AD872A2959BA00F2491C /* OtherCurrenciesConverionsVC.storyboard */; };
		1971AD8A2A295B5500F2491C /* OtherCurrenciesConverionsViewModel.swift in Sources */ = {isa = PBXBuildFile; fileRef = 1971AD892A295B5500F2491C /* OtherCurrenciesConverionsViewModel.swift */; };
		198F82022A2BB1D90071F787 /* LatestRatesAPIRepositoryStub.swift in Sources */ = {isa = PBXBuildFile; fileRef = 198F82012A2BB1D90071F787 /* LatestRatesAPIRepositoryStub.swift */; };
		199268B42A26BFF100097FD4 /* ExchangeModel.swift in Sources */ = {isa = PBXBuildFile; fileRef = 199268B32A26BFF100097FD4 /* ExchangeModel.swift */; };
		199268B82A26C20100097FD4 /* FixerIoApiConstants.swift in Sources */ = {isa = PBXBuildFile; fileRef = 199268B72A26C20100097FD4 /* FixerIoApiConstants.swift */; };
		199268BA2A272E3200097FD4 /* CurrencyConversionModel.swift in Sources */ = {isa = PBXBuildFile; fileRef = 199268B92A272E3200097FD4 /* CurrencyConversionModel.swift */; };
		199268BC2A272FC900097FD4 /* CurrencyConversionUseCase.swift in Sources */ = {isa = PBXBuildFile; fileRef = 199268BB2A272FC900097FD4 /* CurrencyConversionUseCase.swift */; };
		199268BF2A27304600097FD4 /* Currency.swift in Sources */ = {isa = PBXBuildFile; fileRef = 199268BE2A27304600097FD4 /* Currency.swift */; };
		199268C12A2731CA00097FD4 /* CurrencyConversionRepository.swift in Sources */ = {isa = PBXBuildFile; fileRef = 199268C02A2731CA00097FD4 /* CurrencyConversionRepository.swift */; };
		199268C92A2745F700097FD4 /* CurrencyConversionAPIDataSource.swift in Sources */ = {isa = PBXBuildFile; fileRef = 199268C82A2745F700097FD4 /* CurrencyConversionAPIDataSource.swift */; };
		199268CB2A27462C00097FD4 /* CurrencyConversionAPIRepository.swift in Sources */ = {isa = PBXBuildFile; fileRef = 199268CA2A27462C00097FD4 /* CurrencyConversionAPIRepository.swift */; };
		199268D12A27507D00097FD4 /* CurrencyConversionVC.swift in Sources */ = {isa = PBXBuildFile; fileRef = 199268D02A27507D00097FD4 /* CurrencyConversionVC.swift */; };
		199268D32A2750EF00097FD4 /* CurrencyConversionViewModel.swift in Sources */ = {isa = PBXBuildFile; fileRef = 199268D22A2750EF00097FD4 /* CurrencyConversionViewModel.swift */; };
		199268D82A27628D00097FD4 /* CoordinatorType.swift in Sources */ = {isa = PBXBuildFile; fileRef = 199268D72A27628D00097FD4 /* CoordinatorType.swift */; };
		199268DA2A2762BE00097FD4 /* BaseCoordinator.swift in Sources */ = {isa = PBXBuildFile; fileRef = 199268D92A2762BE00097FD4 /* BaseCoordinator.swift */; };
		199268DD2A27631800097FD4 /* RouterType.swift in Sources */ = {isa = PBXBuildFile; fileRef = 199268DC2A27631800097FD4 /* RouterType.swift */; };
		199268DF2A27642700097FD4 /* Router.swift in Sources */ = {isa = PBXBuildFile; fileRef = 199268DE2A27642700097FD4 /* Router.swift */; };
		199268E12A27669200097FD4 /* AppCoordinator.swift in Sources */ = {isa = PBXBuildFile; fileRef = 199268E02A27669200097FD4 /* AppCoordinator.swift */; };
		199268E42A276D4400097FD4 /* DependencyProvider.swift in Sources */ = {isa = PBXBuildFile; fileRef = 199268E32A276D4400097FD4 /* DependencyProvider.swift */; };
		199268E92A277DEE00097FD4 /* NetworkServiceInterface.swift in Sources */ = {isa = PBXBuildFile; fileRef = 199268E82A277DEE00097FD4 /* NetworkServiceInterface.swift */; };
		199268EB2A277E1D00097FD4 /* Request.swift in Sources */ = {isa = PBXBuildFile; fileRef = 199268EA2A277E1D00097FD4 /* Request.swift */; };
		199268EE2A277F6200097FD4 /* HTTPMethod.swift in Sources */ = {isa = PBXBuildFile; fileRef = 199268ED2A277F6200097FD4 /* HTTPMethod.swift */; };
		199268F02A277F8900097FD4 /* RequestParams.swift in Sources */ = {isa = PBXBuildFile; fileRef = 199268EF2A277F8900097FD4 /* RequestParams.swift */; };
		199268F22A277FBB00097FD4 /* HTTPHeaderName.swift in Sources */ = {isa = PBXBuildFile; fileRef = 199268F12A277FBB00097FD4 /* HTTPHeaderName.swift */; };
		199268F42A2780F600097FD4 /* NetworkService.swift in Sources */ = {isa = PBXBuildFile; fileRef = 199268F32A2780F600097FD4 /* NetworkService.swift */; };
		199268F82A27943700097FD4 /* CurrencyConversionRequest.swift in Sources */ = {isa = PBXBuildFile; fileRef = 199268F72A27943700097FD4 /* CurrencyConversionRequest.swift */; };
		199268FC2A279C5B00097FD4 /* AppDelegate.swift in Sources */ = {isa = PBXBuildFile; fileRef = 199268FB2A279C5B00097FD4 /* AppDelegate.swift */; };
		199268FF2A27AA5000097FD4 /* LatestRatesRequest.swift in Sources */ = {isa = PBXBuildFile; fileRef = 199268FE2A27AA5000097FD4 /* LatestRatesRequest.swift */; };
		199269012A27AC9700097FD4 /* LatestRatesApiDataSource.swift in Sources */ = {isa = PBXBuildFile; fileRef = 199269002A27AC9700097FD4 /* LatestRatesApiDataSource.swift */; };
		199269082A27B70C00097FD4 /* LatestRatesUseCase.swift in Sources */ = {isa = PBXBuildFile; fileRef = 199269072A27B70C00097FD4 /* LatestRatesUseCase.swift */; };
		1992690A2A27B73E00097FD4 /* LatestRatesRepository.swift in Sources */ = {isa = PBXBuildFile; fileRef = 199269092A27B73E00097FD4 /* LatestRatesRepository.swift */; };
		1992690C2A27B77200097FD4 /* LatestRatesAPIRepository.swift in Sources */ = {isa = PBXBuildFile; fileRef = 1992690B2A27B77200097FD4 /* LatestRatesAPIRepository.swift */; };
		1992690E2A27B80D00097FD4 /* UseCasesAssembler.swift in Sources */ = {isa = PBXBuildFile; fileRef = 1992690D2A27B80D00097FD4 /* UseCasesAssembler.swift */; };
		199269102A27B83300097FD4 /* RepositoryAssembler.swift in Sources */ = {isa = PBXBuildFile; fileRef = 1992690F2A27B83300097FD4 /* RepositoryAssembler.swift */; };
		19A3BA6E2A27CBEA00AAE9A9 /* StoryboardLoadable.swift in Sources */ = {isa = PBXBuildFile; fileRef = 19A3BA6D2A27CBEA00AAE9A9 /* StoryboardLoadable.swift */; };
		19A3BA702A27CC5C00AAE9A9 /* CurrencyConversionVC.storyboard in Resources */ = {isa = PBXBuildFile; fileRef = 19A3BA6F2A27CC5B00AAE9A9 /* CurrencyConversionVC.storyboard */; };
		19F9D6BD2A26A7A400D4536A /* SceneDelegate.swift in Sources */ = {isa = PBXBuildFile; fileRef = 19F9D6BC2A26A7A400D4536A /* SceneDelegate.swift */; };
		19F9D6BF2A26A7A400D4536A /* ViewController.swift in Sources */ = {isa = PBXBuildFile; fileRef = 19F9D6BE2A26A7A400D4536A /* ViewController.swift */; };
		19F9D6C22A26A7A400D4536A /* Main.storyboard in Resources */ = {isa = PBXBuildFile; fileRef = 19F9D6C02A26A7A400D4536A /* Main.storyboard */; };
		19F9D6C52A26A7A400D4536A /* Currency_Exchanger.xcdatamodeld in Sources */ = {isa = PBXBuildFile; fileRef = 19F9D6C32A26A7A400D4536A /* Currency_Exchanger.xcdatamodeld */; };
		19F9D6C72A26A7A700D4536A /* Assets.xcassets in Resources */ = {isa = PBXBuildFile; fileRef = 19F9D6C62A26A7A700D4536A /* Assets.xcassets */; };
		19F9D6CA2A26A7A700D4536A /* LaunchScreen.storyboard in Resources */ = {isa = PBXBuildFile; fileRef = 19F9D6C82A26A7A700D4536A /* LaunchScreen.storyboard */; };
		19F9D6D52A26A7A700D4536A /* CurrencyExchangerTests.swift in Sources */ = {isa = PBXBuildFile; fileRef = 19F9D6D42A26A7A700D4536A /* CurrencyExchangerTests.swift */; };
		19F9D6DF2A26A7A700D4536A /* CurrencyExchangerUITests.swift in Sources */ = {isa = PBXBuildFile; fileRef = 19F9D6DE2A26A7A700D4536A /* CurrencyExchangerUITests.swift */; };
		19F9D6E12A26A7A700D4536A /* CurrencyExchangerUITestsLaunchTests.swift in Sources */ = {isa = PBXBuildFile; fileRef = 19F9D6E02A26A7A700D4536A /* CurrencyExchangerUITestsLaunchTests.swift */; };
		239AEA1DCBCC6A7C4EB64B8C /* Pods_Currency_Exchanger.framework in Frameworks */ = {isa = PBXBuildFile; fileRef = 80AD844586470514E083DD6D /* Pods_Currency_Exchanger.framework */; };
		253934236F660B212808C750 /* Pods_Currency_Exchanger_Currency_ExchangerUITests.framework in Frameworks */ = {isa = PBXBuildFile; fileRef = D046E6A01F24B7CF3BE2F0DF /* Pods_Currency_Exchanger_Currency_ExchangerUITests.framework */; };
		9EA73420F28053A213C35C54 /* Pods_Currency_ExchangerTests.framework in Frameworks */ = {isa = PBXBuildFile; fileRef = DC03C68FAD3355170CD5E290 /* Pods_Currency_ExchangerTests.framework */; };
/* End PBXBuildFile section */

/* Begin PBXContainerItemProxy section */
		19F9D6D12A26A7A700D4536A /* PBXContainerItemProxy */ = {
			isa = PBXContainerItemProxy;
			containerPortal = 19F9D6AF2A26A7A400D4536A /* Project object */;
			proxyType = 1;
			remoteGlobalIDString = 19F9D6B62A26A7A400D4536A;
			remoteInfo = "Currency Exchanger";
		};
		19F9D6DB2A26A7A700D4536A /* PBXContainerItemProxy */ = {
			isa = PBXContainerItemProxy;
			containerPortal = 19F9D6AF2A26A7A400D4536A /* Project object */;
			proxyType = 1;
			remoteGlobalIDString = 19F9D6B62A26A7A400D4536A;
			remoteInfo = "Currency Exchanger";
		};
/* End PBXContainerItemProxy section */

/* Begin PBXFileReference section */
		195511C82A2A703700E04C05 /* CurrencyConverter.swift */ = {isa = PBXFileReference; lastKnownFileType = sourcecode.swift; path = CurrencyConverter.swift; sourceTree = "<group>"; };
		195511CA2A2AA8A900E04C05 /* ViewModelsHelper.swift */ = {isa = PBXFileReference; lastKnownFileType = sourcecode.swift; path = ViewModelsHelper.swift; sourceTree = "<group>"; };
		195511CC2A2AAAAA00E04C05 /* UIViewControllerHelper.swift */ = {isa = PBXFileReference; lastKnownFileType = sourcecode.swift; path = UIViewControllerHelper.swift; sourceTree = "<group>"; };
		1971AD5E2A29016200F2491C /* CurrenciesDetailsVC.swift */ = {isa = PBXFileReference; lastKnownFileType = sourcecode.swift; path = CurrenciesDetailsVC.swift; sourceTree = "<group>"; };
		1971AD602A29017000F2491C /* CurrenciesDetailsVC.storyboard */ = {isa = PBXFileReference; lastKnownFileType = file.storyboard; path = CurrenciesDetailsVC.storyboard; sourceTree = "<group>"; };
		1971AD632A29252F00F2491C /* RealmDbType.swift */ = {isa = PBXFileReference; lastKnownFileType = sourcecode.swift; path = RealmDbType.swift; sourceTree = "<group>"; };
		1971AD652A29259E00F2491C /* TransactionDb.swift */ = {isa = PBXFileReference; lastKnownFileType = sourcecode.swift; path = TransactionDb.swift; sourceTree = "<group>"; };
		1971AD672A2925F700F2491C /* TransactionObject.swift */ = {isa = PBXFileReference; lastKnownFileType = sourcecode.swift; path = TransactionObject.swift; sourceTree = "<group>"; };
		1971AD692A29263E00F2491C /* TransactionModel.swift */ = {isa = PBXFileReference; lastKnownFileType = sourcecode.swift; path = TransactionModel.swift; sourceTree = "<group>"; };
		1971AD6B2A292E7A00F2491C /* CurrenciesDetailsViewModel.swift */ = {isa = PBXFileReference; lastKnownFileType = sourcecode.swift; path = CurrenciesDetailsViewModel.swift; sourceTree = "<group>"; };
		1971AD6D2A29331F00F2491C /* TableViewHelper.swift */ = {isa = PBXFileReference; lastKnownFileType = sourcecode.swift; path = TableViewHelper.swift; sourceTree = "<group>"; };
		1971AD702A29335300F2491C /* TransactionTableViewCell.swift */ = {isa = PBXFileReference; lastKnownFileType = sourcecode.swift; path = TransactionTableViewCell.swift; sourceTree = "<group>"; };
		1971AD712A29335300F2491C /* TransactionTableViewCell.xib */ = {isa = PBXFileReference; lastKnownFileType = file.xib; path = TransactionTableViewCell.xib; sourceTree = "<group>"; };
		1971AD742A29356E00F2491C /* TransactionCellModel.swift */ = {isa = PBXFileReference; lastKnownFileType = sourcecode.swift; path = TransactionCellModel.swift; sourceTree = "<group>"; };
		1971AD762A2935D000F2491C /* DateHelper.swift */ = {isa = PBXFileReference; lastKnownFileType = sourcecode.swift; path = DateHelper.swift; sourceTree = "<group>"; };
		1971AD7A2A29491D00F2491C /* RecentConversionsVC.swift */ = {isa = PBXFileReference; lastKnownFileType = sourcecode.swift; path = RecentConversionsVC.swift; sourceTree = "<group>"; };
		1971AD7C2A29493700F2491C /* RecentConversionsVC.storyboard */ = {isa = PBXFileReference; lastKnownFileType = file.storyboard; path = RecentConversionsVC.storyboard; sourceTree = "<group>"; };
		1971AD802A2949B700F2491C /* RecentConversionsViewModel.swift */ = {isa = PBXFileReference; lastKnownFileType = sourcecode.swift; path = RecentConversionsViewModel.swift; sourceTree = "<group>"; };
		1971AD852A2959AC00F2491C /* OtherCurrenciesConverionsVC.swift */ = {isa = PBXFileReference; lastKnownFileType = sourcecode.swift; path = OtherCurrenciesConverionsVC.swift; sourceTree = "<group>"; };
		1971AD872A2959BA00F2491C /* OtherCurrenciesConverionsVC.storyboard */ = {isa = PBXFileReference; lastKnownFileType = file.storyboard; path = OtherCurrenciesConverionsVC.storyboard; sourceTree = "<group>"; };
		1971AD892A295B5500F2491C /* OtherCurrenciesConverionsViewModel.swift */ = {isa = PBXFileReference; lastKnownFileType = sourcecode.swift; path = OtherCurrenciesConverionsViewModel.swift; sourceTree = "<group>"; };
		198F82012A2BB1D90071F787 /* LatestRatesAPIRepositoryStub.swift */ = {isa = PBXFileReference; fileEncoding = 4; lastKnownFileType = sourcecode.swift; path = LatestRatesAPIRepositoryStub.swift; sourceTree = "<group>"; };
		199268B32A26BFF100097FD4 /* ExchangeModel.swift */ = {isa = PBXFileReference; lastKnownFileType = sourcecode.swift; path = ExchangeModel.swift; sourceTree = "<group>"; };
		199268B72A26C20100097FD4 /* FixerIoApiConstants.swift */ = {isa = PBXFileReference; lastKnownFileType = sourcecode.swift; path = FixerIoApiConstants.swift; sourceTree = "<group>"; };
		199268B92A272E3200097FD4 /* CurrencyConversionModel.swift */ = {isa = PBXFileReference; lastKnownFileType = sourcecode.swift; path = CurrencyConversionModel.swift; sourceTree = "<group>"; };
		199268BB2A272FC900097FD4 /* CurrencyConversionUseCase.swift */ = {isa = PBXFileReference; lastKnownFileType = sourcecode.swift; path = CurrencyConversionUseCase.swift; sourceTree = "<group>"; };
		199268BE2A27304600097FD4 /* Currency.swift */ = {isa = PBXFileReference; lastKnownFileType = sourcecode.swift; path = Currency.swift; sourceTree = "<group>"; };
		199268C02A2731CA00097FD4 /* CurrencyConversionRepository.swift */ = {isa = PBXFileReference; lastKnownFileType = sourcecode.swift; path = CurrencyConversionRepository.swift; sourceTree = "<group>"; };
		199268C82A2745F700097FD4 /* CurrencyConversionAPIDataSource.swift */ = {isa = PBXFileReference; lastKnownFileType = sourcecode.swift; path = CurrencyConversionAPIDataSource.swift; sourceTree = "<group>"; };
		199268CA2A27462C00097FD4 /* CurrencyConversionAPIRepository.swift */ = {isa = PBXFileReference; lastKnownFileType = sourcecode.swift; path = CurrencyConversionAPIRepository.swift; sourceTree = "<group>"; };
		199268D02A27507D00097FD4 /* CurrencyConversionVC.swift */ = {isa = PBXFileReference; lastKnownFileType = sourcecode.swift; path = CurrencyConversionVC.swift; sourceTree = "<group>"; };
		199268D22A2750EF00097FD4 /* CurrencyConversionViewModel.swift */ = {isa = PBXFileReference; lastKnownFileType = sourcecode.swift; path = CurrencyConversionViewModel.swift; sourceTree = "<group>"; };
		199268D72A27628D00097FD4 /* CoordinatorType.swift */ = {isa = PBXFileReference; lastKnownFileType = sourcecode.swift; path = CoordinatorType.swift; sourceTree = "<group>"; };
		199268D92A2762BE00097FD4 /* BaseCoordinator.swift */ = {isa = PBXFileReference; lastKnownFileType = sourcecode.swift; path = BaseCoordinator.swift; sourceTree = "<group>"; };
		199268DC2A27631800097FD4 /* RouterType.swift */ = {isa = PBXFileReference; lastKnownFileType = sourcecode.swift; path = RouterType.swift; sourceTree = "<group>"; };
		199268DE2A27642700097FD4 /* Router.swift */ = {isa = PBXFileReference; lastKnownFileType = sourcecode.swift; path = Router.swift; sourceTree = "<group>"; };
		199268E02A27669200097FD4 /* AppCoordinator.swift */ = {isa = PBXFileReference; lastKnownFileType = sourcecode.swift; path = AppCoordinator.swift; sourceTree = "<group>"; };
		199268E32A276D4400097FD4 /* DependencyProvider.swift */ = {isa = PBXFileReference; lastKnownFileType = sourcecode.swift; path = DependencyProvider.swift; sourceTree = "<group>"; };
		199268E82A277DEE00097FD4 /* NetworkServiceInterface.swift */ = {isa = PBXFileReference; lastKnownFileType = sourcecode.swift; path = NetworkServiceInterface.swift; sourceTree = "<group>"; };
		199268EA2A277E1D00097FD4 /* Request.swift */ = {isa = PBXFileReference; lastKnownFileType = sourcecode.swift; path = Request.swift; sourceTree = "<group>"; };
		199268ED2A277F6200097FD4 /* HTTPMethod.swift */ = {isa = PBXFileReference; lastKnownFileType = sourcecode.swift; path = HTTPMethod.swift; sourceTree = "<group>"; };
		199268EF2A277F8900097FD4 /* RequestParams.swift */ = {isa = PBXFileReference; lastKnownFileType = sourcecode.swift; path = RequestParams.swift; sourceTree = "<group>"; };
		199268F12A277FBB00097FD4 /* HTTPHeaderName.swift */ = {isa = PBXFileReference; lastKnownFileType = sourcecode.swift; path = HTTPHeaderName.swift; sourceTree = "<group>"; };
		199268F32A2780F600097FD4 /* NetworkService.swift */ = {isa = PBXFileReference; lastKnownFileType = sourcecode.swift; path = NetworkService.swift; sourceTree = "<group>"; };
		199268F72A27943700097FD4 /* CurrencyConversionRequest.swift */ = {isa = PBXFileReference; lastKnownFileType = sourcecode.swift; path = CurrencyConversionRequest.swift; sourceTree = "<group>"; };
		199268FB2A279C5B00097FD4 /* AppDelegate.swift */ = {isa = PBXFileReference; fileEncoding = 4; lastKnownFileType = sourcecode.swift; path = AppDelegate.swift; sourceTree = "<group>"; };
		199268FE2A27AA5000097FD4 /* LatestRatesRequest.swift */ = {isa = PBXFileReference; lastKnownFileType = sourcecode.swift; path = LatestRatesRequest.swift; sourceTree = "<group>"; };
		199269002A27AC9700097FD4 /* LatestRatesApiDataSource.swift */ = {isa = PBXFileReference; lastKnownFileType = sourcecode.swift; path = LatestRatesApiDataSource.swift; sourceTree = "<group>"; };
		199269072A27B70C00097FD4 /* LatestRatesUseCase.swift */ = {isa = PBXFileReference; lastKnownFileType = sourcecode.swift; path = LatestRatesUseCase.swift; sourceTree = "<group>"; };
		199269092A27B73E00097FD4 /* LatestRatesRepository.swift */ = {isa = PBXFileReference; lastKnownFileType = sourcecode.swift; path = LatestRatesRepository.swift; sourceTree = "<group>"; };
		1992690B2A27B77200097FD4 /* LatestRatesAPIRepository.swift */ = {isa = PBXFileReference; lastKnownFileType = sourcecode.swift; path = LatestRatesAPIRepository.swift; sourceTree = "<group>"; };
		1992690D2A27B80D00097FD4 /* UseCasesAssembler.swift */ = {isa = PBXFileReference; lastKnownFileType = sourcecode.swift; path = UseCasesAssembler.swift; sourceTree = "<group>"; };
		1992690F2A27B83300097FD4 /* RepositoryAssembler.swift */ = {isa = PBXFileReference; lastKnownFileType = sourcecode.swift; path = RepositoryAssembler.swift; sourceTree = "<group>"; };
		19A3BA6D2A27CBEA00AAE9A9 /* StoryboardLoadable.swift */ = {isa = PBXFileReference; lastKnownFileType = sourcecode.swift; path = StoryboardLoadable.swift; sourceTree = "<group>"; };
		19A3BA6F2A27CC5B00AAE9A9 /* CurrencyConversionVC.storyboard */ = {isa = PBXFileReference; lastKnownFileType = file.storyboard; path = CurrencyConversionVC.storyboard; sourceTree = "<group>"; };
		19F9D6B72A26A7A400D4536A /* Currency Exchanger.app */ = {isa = PBXFileReference; explicitFileType = wrapper.application; includeInIndex = 0; path = "Currency Exchanger.app"; sourceTree = BUILT_PRODUCTS_DIR; };
		19F9D6BC2A26A7A400D4536A /* SceneDelegate.swift */ = {isa = PBXFileReference; lastKnownFileType = sourcecode.swift; path = SceneDelegate.swift; sourceTree = "<group>"; };
		19F9D6BE2A26A7A400D4536A /* ViewController.swift */ = {isa = PBXFileReference; lastKnownFileType = sourcecode.swift; path = ViewController.swift; sourceTree = "<group>"; };
		19F9D6C12A26A7A400D4536A /* Base */ = {isa = PBXFileReference; lastKnownFileType = file.storyboard; name = Base; path = Base.lproj/Main.storyboard; sourceTree = "<group>"; };
		19F9D6C42A26A7A400D4536A /* Currency_Exchanger.xcdatamodel */ = {isa = PBXFileReference; lastKnownFileType = wrapper.xcdatamodel; path = Currency_Exchanger.xcdatamodel; sourceTree = "<group>"; };
		19F9D6C62A26A7A700D4536A /* Assets.xcassets */ = {isa = PBXFileReference; lastKnownFileType = folder.assetcatalog; path = Assets.xcassets; sourceTree = "<group>"; };
		19F9D6C92A26A7A700D4536A /* Base */ = {isa = PBXFileReference; lastKnownFileType = file.storyboard; name = Base; path = Base.lproj/LaunchScreen.storyboard; sourceTree = "<group>"; };
		19F9D6CB2A26A7A700D4536A /* Info.plist */ = {isa = PBXFileReference; lastKnownFileType = text.plist.xml; path = Info.plist; sourceTree = "<group>"; };
		19F9D6D02A26A7A700D4536A /* Currency ExchangerTests.xctest */ = {isa = PBXFileReference; explicitFileType = wrapper.cfbundle; includeInIndex = 0; path = "Currency ExchangerTests.xctest"; sourceTree = BUILT_PRODUCTS_DIR; };
		19F9D6D42A26A7A700D4536A /* CurrencyExchangerTests.swift */ = {isa = PBXFileReference; lastKnownFileType = sourcecode.swift; path = CurrencyExchangerTests.swift; sourceTree = "<group>"; };
		19F9D6DA2A26A7A700D4536A /* Currency ExchangerUITests.xctest */ = {isa = PBXFileReference; explicitFileType = wrapper.cfbundle; includeInIndex = 0; path = "Currency ExchangerUITests.xctest"; sourceTree = BUILT_PRODUCTS_DIR; };
		19F9D6DE2A26A7A700D4536A /* CurrencyExchangerUITests.swift */ = {isa = PBXFileReference; lastKnownFileType = sourcecode.swift; path = CurrencyExchangerUITests.swift; sourceTree = "<group>"; };
		19F9D6E02A26A7A700D4536A /* CurrencyExchangerUITestsLaunchTests.swift */ = {isa = PBXFileReference; lastKnownFileType = sourcecode.swift; path = CurrencyExchangerUITestsLaunchTests.swift; sourceTree = "<group>"; };
		1BCAFD206F5A586BE06AD7CD /* Pods-Currency Exchanger-Currency ExchangerUITests.debug.xcconfig */ = {isa = PBXFileReference; includeInIndex = 1; lastKnownFileType = text.xcconfig; name = "Pods-Currency Exchanger-Currency ExchangerUITests.debug.xcconfig"; path = "Target Support Files/Pods-Currency Exchanger-Currency ExchangerUITests/Pods-Currency Exchanger-Currency ExchangerUITests.debug.xcconfig"; sourceTree = "<group>"; };
		2786FD4A5039BA21AD6A53F3 /* Pods-Currency Exchanger.release.xcconfig */ = {isa = PBXFileReference; includeInIndex = 1; lastKnownFileType = text.xcconfig; name = "Pods-Currency Exchanger.release.xcconfig"; path = "Target Support Files/Pods-Currency Exchanger/Pods-Currency Exchanger.release.xcconfig"; sourceTree = "<group>"; };
		3F7196E70E7D364F8366D053 /* Pods-Currency ExchangerTests.release.xcconfig */ = {isa = PBXFileReference; includeInIndex = 1; lastKnownFileType = text.xcconfig; name = "Pods-Currency ExchangerTests.release.xcconfig"; path = "Target Support Files/Pods-Currency ExchangerTests/Pods-Currency ExchangerTests.release.xcconfig"; sourceTree = "<group>"; };
		54A86600A03F2F10E54048EF /* Pods-Currency Exchanger.debug.xcconfig */ = {isa = PBXFileReference; includeInIndex = 1; lastKnownFileType = text.xcconfig; name = "Pods-Currency Exchanger.debug.xcconfig"; path = "Target Support Files/Pods-Currency Exchanger/Pods-Currency Exchanger.debug.xcconfig"; sourceTree = "<group>"; };
		80AD844586470514E083DD6D /* Pods_Currency_Exchanger.framework */ = {isa = PBXFileReference; explicitFileType = wrapper.framework; includeInIndex = 0; path = Pods_Currency_Exchanger.framework; sourceTree = BUILT_PRODUCTS_DIR; };
		D046E6A01F24B7CF3BE2F0DF /* Pods_Currency_Exchanger_Currency_ExchangerUITests.framework */ = {isa = PBXFileReference; explicitFileType = wrapper.framework; includeInIndex = 0; path = Pods_Currency_Exchanger_Currency_ExchangerUITests.framework; sourceTree = BUILT_PRODUCTS_DIR; };
		D7E66BA044BF7282A268117F /* Pods-Currency Exchanger-Currency ExchangerUITests.release.xcconfig */ = {isa = PBXFileReference; includeInIndex = 1; lastKnownFileType = text.xcconfig; name = "Pods-Currency Exchanger-Currency ExchangerUITests.release.xcconfig"; path = "Target Support Files/Pods-Currency Exchanger-Currency ExchangerUITests/Pods-Currency Exchanger-Currency ExchangerUITests.release.xcconfig"; sourceTree = "<group>"; };
		DC03C68FAD3355170CD5E290 /* Pods_Currency_ExchangerTests.framework */ = {isa = PBXFileReference; explicitFileType = wrapper.framework; includeInIndex = 0; path = Pods_Currency_ExchangerTests.framework; sourceTree = BUILT_PRODUCTS_DIR; };
		F648CB2E77CEA37F5959D102 /* Pods-Currency ExchangerTests.debug.xcconfig */ = {isa = PBXFileReference; includeInIndex = 1; lastKnownFileType = text.xcconfig; name = "Pods-Currency ExchangerTests.debug.xcconfig"; path = "Target Support Files/Pods-Currency ExchangerTests/Pods-Currency ExchangerTests.debug.xcconfig"; sourceTree = "<group>"; };
/* End PBXFileReference section */

/* Begin PBXFrameworksBuildPhase section */
		19F9D6B42A26A7A400D4536A /* Frameworks */ = {
			isa = PBXFrameworksBuildPhase;
			buildActionMask = 2147483647;
			files = (
				239AEA1DCBCC6A7C4EB64B8C /* Pods_Currency_Exchanger.framework in Frameworks */,
			);
			runOnlyForDeploymentPostprocessing = 0;
		};
		19F9D6CD2A26A7A700D4536A /* Frameworks */ = {
			isa = PBXFrameworksBuildPhase;
			buildActionMask = 2147483647;
			files = (
				9EA73420F28053A213C35C54 /* Pods_Currency_ExchangerTests.framework in Frameworks */,
			);
			runOnlyForDeploymentPostprocessing = 0;
		};
		19F9D6D72A26A7A700D4536A /* Frameworks */ = {
			isa = PBXFrameworksBuildPhase;
			buildActionMask = 2147483647;
			files = (
				253934236F660B212808C750 /* Pods_Currency_Exchanger_Currency_ExchangerUITests.framework in Frameworks */,
			);
			runOnlyForDeploymentPostprocessing = 0;
		};
/* End PBXFrameworksBuildPhase section */

/* Begin PBXGroup section */
		195511C72A2A700E00E04C05 /* Common */ = {
			isa = PBXGroup;
			children = (
				195511C82A2A703700E04C05 /* CurrencyConverter.swift */,
				195511CA2A2AA8A900E04C05 /* ViewModelsHelper.swift */,
				195511CC2A2AAAAA00E04C05 /* UIViewControllerHelper.swift */,
			);
			path = Common;
			sourceTree = "<group>";
		};
		1971AD5B2A2900DE00F2491C /* CurrenciesDetails */ = {
			isa = PBXGroup;
			children = (
				1971AD6F2A29333700F2491C /* Cells */,
				1971AD5C2A2900F900F2491C /* view */,
				1971AD5D2A29012B00F2491C /* ViewModel */,
			);
			path = CurrenciesDetails;
			sourceTree = "<group>";
		};
		1971AD5C2A2900F900F2491C /* view */ = {
			isa = PBXGroup;
			children = (
				1971AD5E2A29016200F2491C /* CurrenciesDetailsVC.swift */,
				1971AD602A29017000F2491C /* CurrenciesDetailsVC.storyboard */,
			);
			path = view;
			sourceTree = "<group>";
		};
		1971AD5D2A29012B00F2491C /* ViewModel */ = {
			isa = PBXGroup;
			children = (
				1971AD6B2A292E7A00F2491C /* CurrenciesDetailsViewModel.swift */,
			);
			path = ViewModel;
			sourceTree = "<group>";
		};
		1971AD622A29233000F2491C /* Realm */ = {
			isa = PBXGroup;
			children = (
				1971AD632A29252F00F2491C /* RealmDbType.swift */,
				1971AD652A29259E00F2491C /* TransactionDb.swift */,
				1971AD672A2925F700F2491C /* TransactionObject.swift */,
				1971AD692A29263E00F2491C /* TransactionModel.swift */,
			);
			path = Realm;
			sourceTree = "<group>";
		};
		1971AD6F2A29333700F2491C /* Cells */ = {
			isa = PBXGroup;
			children = (
				1971AD702A29335300F2491C /* TransactionTableViewCell.swift */,
				1971AD712A29335300F2491C /* TransactionTableViewCell.xib */,
				1971AD742A29356E00F2491C /* TransactionCellModel.swift */,
			);
			path = Cells;
			sourceTree = "<group>";
		};
		1971AD782A2948D000F2491C /* RecentConversions */ = {
			isa = PBXGroup;
			children = (
				1971AD792A2948FA00F2491C /* View */,
				1971AD7F2A29498800F2491C /* ViewModel */,
			);
			path = RecentConversions;
			sourceTree = "<group>";
		};
		1971AD792A2948FA00F2491C /* View */ = {
			isa = PBXGroup;
			children = (
				1971AD7A2A29491D00F2491C /* RecentConversionsVC.swift */,
				1971AD7C2A29493700F2491C /* RecentConversionsVC.storyboard */,
			);
			path = View;
			sourceTree = "<group>";
		};
		1971AD7F2A29498800F2491C /* ViewModel */ = {
			isa = PBXGroup;
			children = (
				1971AD802A2949B700F2491C /* RecentConversionsViewModel.swift */,
			);
			path = ViewModel;
			sourceTree = "<group>";
		};
		1971AD822A29596B00F2491C /* OtherCurrenciesConverions */ = {
			isa = PBXGroup;
			children = (
				1971AD842A29598B00F2491C /* View */,
				1971AD832A29598100F2491C /* ViewModel */,
			);
			path = OtherCurrenciesConverions;
			sourceTree = "<group>";
		};
		1971AD832A29598100F2491C /* ViewModel */ = {
			isa = PBXGroup;
			children = (
				1971AD892A295B5500F2491C /* OtherCurrenciesConverionsViewModel.swift */,
			);
			path = ViewModel;
			sourceTree = "<group>";
		};
		1971AD842A29598B00F2491C /* View */ = {
			isa = PBXGroup;
			children = (
				1971AD852A2959AC00F2491C /* OtherCurrenciesConverionsVC.swift */,
				1971AD872A2959BA00F2491C /* OtherCurrenciesConverionsVC.storyboard */,
			);
			path = View;
			sourceTree = "<group>";
		};
		198F81FF2A2BB1D90071F787 /* DataTests */ = {
			isa = PBXGroup;
			children = (
				198F82002A2BB1D90071F787 /* Repositries */,
			);
			path = DataTests;
			sourceTree = "<group>";
		};
		198F82002A2BB1D90071F787 /* Repositries */ = {
			isa = PBXGroup;
			children = (
				198F82012A2BB1D90071F787 /* LatestRatesAPIRepositoryStub.swift */,
			);
			path = Repositries;
			sourceTree = "<group>";
		};
		199268AB2A26B39100097FD4 /* Comon */ = {
			isa = PBXGroup;
			children = (
				19A3BA6C2A27CBE200AAE9A9 /* Helper */,
				199268B62A26C1C700097FD4 /* Constant */,
			);
			path = Comon;
			sourceTree = "<group>";
		};
		199268AC2A26B3B300097FD4 /* Data */ = {
			isa = PBXGroup;
			children = (
				199268C42A27443B00097FD4 /* Network */,
				199268C52A27444700097FD4 /* Repositories */,
				199268C62A27445D00097FD4 /* PersistentStorages */,
			);
			path = Data;
			sourceTree = "<group>";
		};
		199268AD2A26B3BE00097FD4 /* Domain */ = {
			isa = PBXGroup;
			children = (
				199268B02A26B8D300097FD4 /* Entities */,
				199268B12A26B8DD00097FD4 /* UseCases */,
				199268B22A26B8E800097FD4 /* Repositories */,
			);
			path = Domain;
			sourceTree = "<group>";
		};
		199268AE2A26B3CE00097FD4 /* Presentation */ = {
			isa = PBXGroup;
			children = (
				195511C72A2A700E00E04C05 /* Common */,
				1971AD822A29596B00F2491C /* OtherCurrenciesConverions */,
				1971AD782A2948D000F2491C /* RecentConversions */,
				1971AD5B2A2900DE00F2491C /* CurrenciesDetails */,
				199268CC2A274E7F00097FD4 /* CurrencyConversion */,
			);
			path = Presentation;
			sourceTree = "<group>";
		};
		199268AF2A26B3DD00097FD4 /* Application */ = {
			isa = PBXGroup;
			children = (
				199268D52A27623500097FD4 /* System */,
				199268D62A27623E00097FD4 /* Coordinator */,
				199268DB2A2762FF00097FD4 /* Router */,
				199268E22A276D2E00097FD4 /* DependencyProvider */,
			);
			path = Application;
			sourceTree = "<group>";
		};
		199268B02A26B8D300097FD4 /* Entities */ = {
			isa = PBXGroup;
			children = (
				199268B32A26BFF100097FD4 /* ExchangeModel.swift */,
				199268B92A272E3200097FD4 /* CurrencyConversionModel.swift */,
				199268BE2A27304600097FD4 /* Currency.swift */,
			);
			path = Entities;
			sourceTree = "<group>";
		};
		199268B12A26B8DD00097FD4 /* UseCases */ = {
			isa = PBXGroup;
			children = (
				199268BB2A272FC900097FD4 /* CurrencyConversionUseCase.swift */,
				199269072A27B70C00097FD4 /* LatestRatesUseCase.swift */,
			);
			path = UseCases;
			sourceTree = "<group>";
		};
		199268B22A26B8E800097FD4 /* Repositories */ = {
			isa = PBXGroup;
			children = (
				199268C02A2731CA00097FD4 /* CurrencyConversionRepository.swift */,
				199269092A27B73E00097FD4 /* LatestRatesRepository.swift */,
			);
			path = Repositories;
			sourceTree = "<group>";
		};
		199268B62A26C1C700097FD4 /* Constant */ = {
			isa = PBXGroup;
			children = (
				199268B72A26C20100097FD4 /* FixerIoApiConstants.swift */,
			);
			path = Constant;
			sourceTree = "<group>";
		};
		199268C42A27443B00097FD4 /* Network */ = {
			isa = PBXGroup;
			children = (
				199268C82A2745F700097FD4 /* CurrencyConversionAPIDataSource.swift */,
				199269002A27AC9700097FD4 /* LatestRatesApiDataSource.swift */,
			);
			path = Network;
			sourceTree = "<group>";
		};
		199268C52A27444700097FD4 /* Repositories */ = {
			isa = PBXGroup;
			children = (
				199268CA2A27462C00097FD4 /* CurrencyConversionAPIRepository.swift */,
				1992690B2A27B77200097FD4 /* LatestRatesAPIRepository.swift */,
			);
			path = Repositories;
			sourceTree = "<group>";
		};
		199268C62A27445D00097FD4 /* PersistentStorages */ = {
			isa = PBXGroup;
			children = (
				1971AD622A29233000F2491C /* Realm */,
			);
			path = PersistentStorages;
			sourceTree = "<group>";
		};
		199268CC2A274E7F00097FD4 /* CurrencyConversion */ = {
			isa = PBXGroup;
			children = (
				199268CD2A274E9B00097FD4 /* View */,
				199268CE2A274EA100097FD4 /* ViewModel */,
			);
			path = CurrencyConversion;
			sourceTree = "<group>";
		};
		199268CD2A274E9B00097FD4 /* View */ = {
			isa = PBXGroup;
			children = (
				199268D02A27507D00097FD4 /* CurrencyConversionVC.swift */,
				19A3BA6F2A27CC5B00AAE9A9 /* CurrencyConversionVC.storyboard */,
			);
			path = View;
			sourceTree = "<group>";
		};
		199268CE2A274EA100097FD4 /* ViewModel */ = {
			isa = PBXGroup;
			children = (
				199268D22A2750EF00097FD4 /* CurrencyConversionViewModel.swift */,
			);
			path = ViewModel;
			sourceTree = "<group>";
		};
		199268D52A27623500097FD4 /* System */ = {
			isa = PBXGroup;
			children = (
				199268FB2A279C5B00097FD4 /* AppDelegate.swift */,
				19F9D6BC2A26A7A400D4536A /* SceneDelegate.swift */,
			);
			path = System;
			sourceTree = "<group>";
		};
		199268D62A27623E00097FD4 /* Coordinator */ = {
			isa = PBXGroup;
			children = (
				199268D72A27628D00097FD4 /* CoordinatorType.swift */,
				199268D92A2762BE00097FD4 /* BaseCoordinator.swift */,
				199268E02A27669200097FD4 /* AppCoordinator.swift */,
			);
			path = Coordinator;
			sourceTree = "<group>";
		};
		199268DB2A2762FF00097FD4 /* Router */ = {
			isa = PBXGroup;
			children = (
				199268DC2A27631800097FD4 /* RouterType.swift */,
				199268DE2A27642700097FD4 /* Router.swift */,
			);
			path = Router;
			sourceTree = "<group>";
		};
		199268E22A276D2E00097FD4 /* DependencyProvider */ = {
			isa = PBXGroup;
			children = (
				199268E32A276D4400097FD4 /* DependencyProvider.swift */,
				1992690F2A27B83300097FD4 /* RepositoryAssembler.swift */,
				1992690D2A27B80D00097FD4 /* UseCasesAssembler.swift */,
			);
			path = DependencyProvider;
			sourceTree = "<group>";
		};
		199268E52A27750D00097FD4 /* Infrastructure */ = {
			isa = PBXGroup;
			children = (
				199268E62A27757100097FD4 /* Network */,
			);
			path = Infrastructure;
			sourceTree = "<group>";
		};
		199268E62A27757100097FD4 /* Network */ = {
			isa = PBXGroup;
			children = (
				199268EC2A277F3F00097FD4 /* General */,
				199268F62A27940900097FD4 /* Requests */,
				199268E82A277DEE00097FD4 /* NetworkServiceInterface.swift */,
				199268F32A2780F600097FD4 /* NetworkService.swift */,
			);
			path = Network;
			sourceTree = "<group>";
		};
		199268EC2A277F3F00097FD4 /* General */ = {
			isa = PBXGroup;
			children = (
				199268EA2A277E1D00097FD4 /* Request.swift */,
				199268ED2A277F6200097FD4 /* HTTPMethod.swift */,
				199268EF2A277F8900097FD4 /* RequestParams.swift */,
				199268F12A277FBB00097FD4 /* HTTPHeaderName.swift */,
			);
			path = General;
			sourceTree = "<group>";
		};
		199268F62A27940900097FD4 /* Requests */ = {
			isa = PBXGroup;
			children = (
				199268F72A27943700097FD4 /* CurrencyConversionRequest.swift */,
				199268FE2A27AA5000097FD4 /* LatestRatesRequest.swift */,
			);
			path = Requests;
			sourceTree = "<group>";
		};
		19A3BA6C2A27CBE200AAE9A9 /* Helper */ = {
			isa = PBXGroup;
			children = (
				19A3BA6D2A27CBEA00AAE9A9 /* StoryboardLoadable.swift */,
				1971AD6D2A29331F00F2491C /* TableViewHelper.swift */,
				1971AD762A2935D000F2491C /* DateHelper.swift */,
			);
			path = Helper;
			sourceTree = "<group>";
		};
		19F9D6AE2A26A7A400D4536A = {
			isa = PBXGroup;
			children = (
				19F9D6B92A26A7A400D4536A /* Currency Exchanger */,
				19F9D6D32A26A7A700D4536A /* Currency ExchangerTests */,
				19F9D6DD2A26A7A700D4536A /* Currency ExchangerUITests */,
				19F9D6B82A26A7A400D4536A /* Products */,
				EAA757DFFDF54DF4ED422183 /* Pods */,
				5ED47D79FC95123BBA376565 /* Frameworks */,
			);
			sourceTree = "<group>";
		};
		19F9D6B82A26A7A400D4536A /* Products */ = {
			isa = PBXGroup;
			children = (
				19F9D6B72A26A7A400D4536A /* Currency Exchanger.app */,
				19F9D6D02A26A7A700D4536A /* Currency ExchangerTests.xctest */,
				19F9D6DA2A26A7A700D4536A /* Currency ExchangerUITests.xctest */,
			);
			name = Products;
			sourceTree = "<group>";
		};
		19F9D6B92A26A7A400D4536A /* Currency Exchanger */ = {
			isa = PBXGroup;
			children = (
				199268E52A27750D00097FD4 /* Infrastructure */,
				199268AF2A26B3DD00097FD4 /* Application */,
				199268AE2A26B3CE00097FD4 /* Presentation */,
				199268AD2A26B3BE00097FD4 /* Domain */,
				199268AC2A26B3B300097FD4 /* Data */,
				199268AB2A26B39100097FD4 /* Comon */,
				19F9D6BE2A26A7A400D4536A /* ViewController.swift */,
				19F9D6C02A26A7A400D4536A /* Main.storyboard */,
				19F9D6C62A26A7A700D4536A /* Assets.xcassets */,
				19F9D6C82A26A7A700D4536A /* LaunchScreen.storyboard */,
				19F9D6CB2A26A7A700D4536A /* Info.plist */,
				19F9D6C32A26A7A400D4536A /* Currency_Exchanger.xcdatamodeld */,
			);
			path = "Currency Exchanger";
			sourceTree = "<group>";
		};
		19F9D6D32A26A7A700D4536A /* Currency ExchangerTests */ = {
			isa = PBXGroup;
			children = (
				198F81FF2A2BB1D90071F787 /* DataTests */,
				19F9D6D42A26A7A700D4536A /* CurrencyExchangerTests.swift */,
			);
			path = "Currency ExchangerTests";
			sourceTree = "<group>";
		};
		19F9D6DD2A26A7A700D4536A /* Currency ExchangerUITests */ = {
			isa = PBXGroup;
			children = (
				19F9D6DE2A26A7A700D4536A /* CurrencyExchangerUITests.swift */,
				19F9D6E02A26A7A700D4536A /* CurrencyExchangerUITestsLaunchTests.swift */,
			);
			path = "Currency ExchangerUITests";
			sourceTree = "<group>";
		};
		5ED47D79FC95123BBA376565 /* Frameworks */ = {
			isa = PBXGroup;
			children = (
				80AD844586470514E083DD6D /* Pods_Currency_Exchanger.framework */,
				D046E6A01F24B7CF3BE2F0DF /* Pods_Currency_Exchanger_Currency_ExchangerUITests.framework */,
				DC03C68FAD3355170CD5E290 /* Pods_Currency_ExchangerTests.framework */,
			);
			name = Frameworks;
			sourceTree = "<group>";
		};
		EAA757DFFDF54DF4ED422183 /* Pods */ = {
			isa = PBXGroup;
			children = (
				54A86600A03F2F10E54048EF /* Pods-Currency Exchanger.debug.xcconfig */,
				2786FD4A5039BA21AD6A53F3 /* Pods-Currency Exchanger.release.xcconfig */,
				1BCAFD206F5A586BE06AD7CD /* Pods-Currency Exchanger-Currency ExchangerUITests.debug.xcconfig */,
				D7E66BA044BF7282A268117F /* Pods-Currency Exchanger-Currency ExchangerUITests.release.xcconfig */,
				F648CB2E77CEA37F5959D102 /* Pods-Currency ExchangerTests.debug.xcconfig */,
				3F7196E70E7D364F8366D053 /* Pods-Currency ExchangerTests.release.xcconfig */,
			);
			path = Pods;
			sourceTree = "<group>";
		};
/* End PBXGroup section */

/* Begin PBXNativeTarget section */
		19F9D6B62A26A7A400D4536A /* Currency Exchanger */ = {
			isa = PBXNativeTarget;
			buildConfigurationList = 19F9D6E42A26A7A700D4536A /* Build configuration list for PBXNativeTarget "Currency Exchanger" */;
			buildPhases = (
				97247AEE141EE74BC5DF0A89 /* [CP] Check Pods Manifest.lock */,
				19F9D6B32A26A7A400D4536A /* Sources */,
				19F9D6B42A26A7A400D4536A /* Frameworks */,
				19F9D6B52A26A7A400D4536A /* Resources */,
				F5144D35C32B085FDF268C54 /* [CP] Embed Pods Frameworks */,
				195511C42A2A25D800E04C05 /* SwiftLint */,
			);
			buildRules = (
			);
			dependencies = (
			);
			name = "Currency Exchanger";
			productName = "Currency Exchanger";
			productReference = 19F9D6B72A26A7A400D4536A /* Currency Exchanger.app */;
			productType = "com.apple.product-type.application";
		};
		19F9D6CF2A26A7A700D4536A /* Currency ExchangerTests */ = {
			isa = PBXNativeTarget;
			buildConfigurationList = 19F9D6E72A26A7A700D4536A /* Build configuration list for PBXNativeTarget "Currency ExchangerTests" */;
			buildPhases = (
				9E12328CB438D53FE84EC9CC /* [CP] Check Pods Manifest.lock */,
				19F9D6CC2A26A7A700D4536A /* Sources */,
				19F9D6CD2A26A7A700D4536A /* Frameworks */,
				19F9D6CE2A26A7A700D4536A /* Resources */,
			);
			buildRules = (
			);
			dependencies = (
				19F9D6D22A26A7A700D4536A /* PBXTargetDependency */,
			);
			name = "Currency ExchangerTests";
			productName = "Currency ExchangerTests";
			productReference = 19F9D6D02A26A7A700D4536A /* Currency ExchangerTests.xctest */;
			productType = "com.apple.product-type.bundle.unit-test";
		};
		19F9D6D92A26A7A700D4536A /* Currency ExchangerUITests */ = {
			isa = PBXNativeTarget;
			buildConfigurationList = 19F9D6EA2A26A7A700D4536A /* Build configuration list for PBXNativeTarget "Currency ExchangerUITests" */;
			buildPhases = (
				CDBE7C4CBF11A36C18270E53 /* [CP] Check Pods Manifest.lock */,
				19F9D6D62A26A7A700D4536A /* Sources */,
				19F9D6D72A26A7A700D4536A /* Frameworks */,
				19F9D6D82A26A7A700D4536A /* Resources */,
				FA1FAAFB5BCA4E43B1DADDD2 /* [CP] Embed Pods Frameworks */,
			);
			buildRules = (
			);
			dependencies = (
				19F9D6DC2A26A7A700D4536A /* PBXTargetDependency */,
			);
			name = "Currency ExchangerUITests";
			productName = "Currency ExchangerUITests";
			productReference = 19F9D6DA2A26A7A700D4536A /* Currency ExchangerUITests.xctest */;
			productType = "com.apple.product-type.bundle.ui-testing";
		};
/* End PBXNativeTarget section */

/* Begin PBXProject section */
		19F9D6AF2A26A7A400D4536A /* Project object */ = {
			isa = PBXProject;
			attributes = {
				BuildIndependentTargetsInParallel = 1;
				LastSwiftUpdateCheck = 1420;
				LastUpgradeCheck = 1420;
				TargetAttributes = {
					19F9D6B62A26A7A400D4536A = {
						CreatedOnToolsVersion = 14.2;
					};
					19F9D6CF2A26A7A700D4536A = {
						CreatedOnToolsVersion = 14.2;
						TestTargetID = 19F9D6B62A26A7A400D4536A;
					};
					19F9D6D92A26A7A700D4536A = {
						CreatedOnToolsVersion = 14.2;
						TestTargetID = 19F9D6B62A26A7A400D4536A;
					};
				};
			};
			buildConfigurationList = 19F9D6B22A26A7A400D4536A /* Build configuration list for PBXProject "Currency Exchanger" */;
			compatibilityVersion = "Xcode 14.0";
			developmentRegion = en;
			hasScannedForEncodings = 0;
			knownRegions = (
				en,
				Base,
			);
			mainGroup = 19F9D6AE2A26A7A400D4536A;
			productRefGroup = 19F9D6B82A26A7A400D4536A /* Products */;
			projectDirPath = "";
			projectRoot = "";
			targets = (
				19F9D6B62A26A7A400D4536A /* Currency Exchanger */,
				19F9D6CF2A26A7A700D4536A /* Currency ExchangerTests */,
				19F9D6D92A26A7A700D4536A /* Currency ExchangerUITests */,
			);
		};
/* End PBXProject section */

/* Begin PBXResourcesBuildPhase section */
		19F9D6B52A26A7A400D4536A /* Resources */ = {
			isa = PBXResourcesBuildPhase;
			buildActionMask = 2147483647;
			files = (
				19A3BA702A27CC5C00AAE9A9 /* CurrencyConversionVC.storyboard in Resources */,
				1971AD882A2959BA00F2491C /* OtherCurrenciesConverionsVC.storyboard in Resources */,
				19F9D6CA2A26A7A700D4536A /* LaunchScreen.storyboard in Resources */,
				19F9D6C72A26A7A700D4536A /* Assets.xcassets in Resources */,
				1971AD7D2A29493700F2491C /* RecentConversionsVC.storyboard in Resources */,
				1971AD612A29017000F2491C /* CurrenciesDetailsVC.storyboard in Resources */,
				1971AD732A29335300F2491C /* TransactionTableViewCell.xib in Resources */,
				19F9D6C22A26A7A400D4536A /* Main.storyboard in Resources */,
			);
			runOnlyForDeploymentPostprocessing = 0;
		};
		19F9D6CE2A26A7A700D4536A /* Resources */ = {
			isa = PBXResourcesBuildPhase;
			buildActionMask = 2147483647;
			files = (
			);
			runOnlyForDeploymentPostprocessing = 0;
		};
		19F9D6D82A26A7A700D4536A /* Resources */ = {
			isa = PBXResourcesBuildPhase;
			buildActionMask = 2147483647;
			files = (
			);
			runOnlyForDeploymentPostprocessing = 0;
		};
/* End PBXResourcesBuildPhase section */

/* Begin PBXShellScriptBuildPhase section */
		195511C42A2A25D800E04C05 /* SwiftLint */ = {
			isa = PBXShellScriptBuildPhase;
			buildActionMask = 2147483647;
			files = (
			);
			inputFileListPaths = (
			);
			inputPaths = (
			);
			name = SwiftLint;
			outputFileListPaths = (
			);
			outputPaths = (
			);
			runOnlyForDeploymentPostprocessing = 0;
			shellPath = /bin/sh;
			shellScript = "# Type a script or drag a script file from your workspace to insert its path.\nif [[ \"$(uname -m)\" == arm64 ]]; then\n    export PATH=\"/opt/homebrew/bin:$PATH\"\nfi\n\nif which swiftlint > /dev/null; then\n  swiftlint\nelse\n  echo \"warning: SwiftLint not installed, download from https://github.com/realm/SwiftLint\"\nfi\n";
		};
		97247AEE141EE74BC5DF0A89 /* [CP] Check Pods Manifest.lock */ = {
			isa = PBXShellScriptBuildPhase;
			buildActionMask = 2147483647;
			files = (
			);
			inputFileListPaths = (
			);
			inputPaths = (
				"${PODS_PODFILE_DIR_PATH}/Podfile.lock",
				"${PODS_ROOT}/Manifest.lock",
			);
			name = "[CP] Check Pods Manifest.lock";
			outputFileListPaths = (
			);
			outputPaths = (
				"$(DERIVED_FILE_DIR)/Pods-Currency Exchanger-checkManifestLockResult.txt",
			);
			runOnlyForDeploymentPostprocessing = 0;
			shellPath = /bin/sh;
			shellScript = "diff \"${PODS_PODFILE_DIR_PATH}/Podfile.lock\" \"${PODS_ROOT}/Manifest.lock\" > /dev/null\nif [ $? != 0 ] ; then\n    # print error to STDERR\n    echo \"error: The sandbox is not in sync with the Podfile.lock. Run 'pod install' or update your CocoaPods installation.\" >&2\n    exit 1\nfi\n# This output is used by Xcode 'outputs' to avoid re-running this script phase.\necho \"SUCCESS\" > \"${SCRIPT_OUTPUT_FILE_0}\"\n";
			showEnvVarsInLog = 0;
		};
		9E12328CB438D53FE84EC9CC /* [CP] Check Pods Manifest.lock */ = {
			isa = PBXShellScriptBuildPhase;
			buildActionMask = 2147483647;
			files = (
			);
			inputFileListPaths = (
			);
			inputPaths = (
				"${PODS_PODFILE_DIR_PATH}/Podfile.lock",
				"${PODS_ROOT}/Manifest.lock",
			);
			name = "[CP] Check Pods Manifest.lock";
			outputFileListPaths = (
			);
			outputPaths = (
				"$(DERIVED_FILE_DIR)/Pods-Currency ExchangerTests-checkManifestLockResult.txt",
			);
			runOnlyForDeploymentPostprocessing = 0;
			shellPath = /bin/sh;
			shellScript = "diff \"${PODS_PODFILE_DIR_PATH}/Podfile.lock\" \"${PODS_ROOT}/Manifest.lock\" > /dev/null\nif [ $? != 0 ] ; then\n    # print error to STDERR\n    echo \"error: The sandbox is not in sync with the Podfile.lock. Run 'pod install' or update your CocoaPods installation.\" >&2\n    exit 1\nfi\n# This output is used by Xcode 'outputs' to avoid re-running this script phase.\necho \"SUCCESS\" > \"${SCRIPT_OUTPUT_FILE_0}\"\n";
			showEnvVarsInLog = 0;
		};
		CDBE7C4CBF11A36C18270E53 /* [CP] Check Pods Manifest.lock */ = {
			isa = PBXShellScriptBuildPhase;
			buildActionMask = 2147483647;
			files = (
			);
			inputFileListPaths = (
			);
			inputPaths = (
				"${PODS_PODFILE_DIR_PATH}/Podfile.lock",
				"${PODS_ROOT}/Manifest.lock",
			);
			name = "[CP] Check Pods Manifest.lock";
			outputFileListPaths = (
			);
			outputPaths = (
				"$(DERIVED_FILE_DIR)/Pods-Currency Exchanger-Currency ExchangerUITests-checkManifestLockResult.txt",
			);
			runOnlyForDeploymentPostprocessing = 0;
			shellPath = /bin/sh;
			shellScript = "diff \"${PODS_PODFILE_DIR_PATH}/Podfile.lock\" \"${PODS_ROOT}/Manifest.lock\" > /dev/null\nif [ $? != 0 ] ; then\n    # print error to STDERR\n    echo \"error: The sandbox is not in sync with the Podfile.lock. Run 'pod install' or update your CocoaPods installation.\" >&2\n    exit 1\nfi\n# This output is used by Xcode 'outputs' to avoid re-running this script phase.\necho \"SUCCESS\" > \"${SCRIPT_OUTPUT_FILE_0}\"\n";
			showEnvVarsInLog = 0;
		};
		F5144D35C32B085FDF268C54 /* [CP] Embed Pods Frameworks */ = {
			isa = PBXShellScriptBuildPhase;
			buildActionMask = 2147483647;
			files = (
			);
			inputFileListPaths = (
				"${PODS_ROOT}/Target Support Files/Pods-Currency Exchanger/Pods-Currency Exchanger-frameworks-${CONFIGURATION}-input-files.xcfilelist",
			);
			name = "[CP] Embed Pods Frameworks";
			outputFileListPaths = (
				"${PODS_ROOT}/Target Support Files/Pods-Currency Exchanger/Pods-Currency Exchanger-frameworks-${CONFIGURATION}-output-files.xcfilelist",
			);
			runOnlyForDeploymentPostprocessing = 0;
			shellPath = /bin/sh;
			shellScript = "\"${PODS_ROOT}/Target Support Files/Pods-Currency Exchanger/Pods-Currency Exchanger-frameworks.sh\"\n";
			showEnvVarsInLog = 0;
		};
		FA1FAAFB5BCA4E43B1DADDD2 /* [CP] Embed Pods Frameworks */ = {
			isa = PBXShellScriptBuildPhase;
			buildActionMask = 2147483647;
			files = (
			);
			inputFileListPaths = (
				"${PODS_ROOT}/Target Support Files/Pods-Currency Exchanger-Currency ExchangerUITests/Pods-Currency Exchanger-Currency ExchangerUITests-frameworks-${CONFIGURATION}-input-files.xcfilelist",
			);
			name = "[CP] Embed Pods Frameworks";
			outputFileListPaths = (
				"${PODS_ROOT}/Target Support Files/Pods-Currency Exchanger-Currency ExchangerUITests/Pods-Currency Exchanger-Currency ExchangerUITests-frameworks-${CONFIGURATION}-output-files.xcfilelist",
			);
			runOnlyForDeploymentPostprocessing = 0;
			shellPath = /bin/sh;
			shellScript = "\"${PODS_ROOT}/Target Support Files/Pods-Currency Exchanger-Currency ExchangerUITests/Pods-Currency Exchanger-Currency ExchangerUITests-frameworks.sh\"\n";
			showEnvVarsInLog = 0;
		};
/* End PBXShellScriptBuildPhase section */

/* Begin PBXSourcesBuildPhase section */
		19F9D6B32A26A7A400D4536A /* Sources */ = {
			isa = PBXSourcesBuildPhase;
			buildActionMask = 2147483647;
			files = (
				1971AD6A2A29263E00F2491C /* TransactionModel.swift in Sources */,
				1971AD8A2A295B5500F2491C /* OtherCurrenciesConverionsViewModel.swift in Sources */,
				1971AD722A29335300F2491C /* TransactionTableViewCell.swift in Sources */,
				195511CD2A2AAAAA00E04C05 /* UIViewControllerHelper.swift in Sources */,
				195511CB2A2AA8A900E04C05 /* ViewModelsHelper.swift in Sources */,
				1971AD6E2A29331F00F2491C /* TableViewHelper.swift in Sources */,
				199268E92A277DEE00097FD4 /* NetworkServiceInterface.swift in Sources */,
				1971AD682A2925F700F2491C /* TransactionObject.swift in Sources */,
				199268BF2A27304600097FD4 /* Currency.swift in Sources */,
				1992690C2A27B77200097FD4 /* LatestRatesAPIRepository.swift in Sources */,
				1971AD642A29252F00F2491C /* RealmDbType.swift in Sources */,
				1992690A2A27B73E00097FD4 /* LatestRatesRepository.swift in Sources */,
				199268F82A27943700097FD4 /* CurrencyConversionRequest.swift in Sources */,
				1992690E2A27B80D00097FD4 /* UseCasesAssembler.swift in Sources */,
				1971AD7B2A29491D00F2491C /* RecentConversionsVC.swift in Sources */,
				199268F22A277FBB00097FD4 /* HTTPHeaderName.swift in Sources */,
				199268D32A2750EF00097FD4 /* CurrencyConversionViewModel.swift in Sources */,
				199269102A27B83300097FD4 /* RepositoryAssembler.swift in Sources */,
				199268B42A26BFF100097FD4 /* ExchangeModel.swift in Sources */,
				1971AD772A2935D000F2491C /* DateHelper.swift in Sources */,
				19F9D6BF2A26A7A400D4536A /* ViewController.swift in Sources */,
				1971AD752A29356E00F2491C /* TransactionCellModel.swift in Sources */,
				199268DF2A27642700097FD4 /* Router.swift in Sources */,
				195511C92A2A703700E04C05 /* CurrencyConverter.swift in Sources */,
				199268FF2A27AA5000097FD4 /* LatestRatesRequest.swift in Sources */,
				199268E42A276D4400097FD4 /* DependencyProvider.swift in Sources */,
				199268CB2A27462C00097FD4 /* CurrencyConversionAPIRepository.swift in Sources */,
				199268C12A2731CA00097FD4 /* CurrencyConversionRepository.swift in Sources */,
				19A3BA6E2A27CBEA00AAE9A9 /* StoryboardLoadable.swift in Sources */,
				199268BA2A272E3200097FD4 /* CurrencyConversionModel.swift in Sources */,
				199268F02A277F8900097FD4 /* RequestParams.swift in Sources */,
				199268DD2A27631800097FD4 /* RouterType.swift in Sources */,
				199268C92A2745F700097FD4 /* CurrencyConversionAPIDataSource.swift in Sources */,
				1971AD662A29259E00F2491C /* TransactionDb.swift in Sources */,
				199268BC2A272FC900097FD4 /* CurrencyConversionUseCase.swift in Sources */,
				19F9D6C52A26A7A400D4536A /* Currency_Exchanger.xcdatamodeld in Sources */,
				1971AD862A2959AC00F2491C /* OtherCurrenciesConverionsVC.swift in Sources */,
				199268EB2A277E1D00097FD4 /* Request.swift in Sources */,
				1971AD812A2949B700F2491C /* RecentConversionsViewModel.swift in Sources */,
				19F9D6BD2A26A7A400D4536A /* SceneDelegate.swift in Sources */,
				199268B82A26C20100097FD4 /* FixerIoApiConstants.swift in Sources */,
				1971AD5F2A29016200F2491C /* CurrenciesDetailsVC.swift in Sources */,
				199269082A27B70C00097FD4 /* LatestRatesUseCase.swift in Sources */,
				199268E12A27669200097FD4 /* AppCoordinator.swift in Sources */,
				199268FC2A279C5B00097FD4 /* AppDelegate.swift in Sources */,
				199268D12A27507D00097FD4 /* CurrencyConversionVC.swift in Sources */,
				199268EE2A277F6200097FD4 /* HTTPMethod.swift in Sources */,
				1971AD6C2A292E7A00F2491C /* CurrenciesDetailsViewModel.swift in Sources */,
				199268D82A27628D00097FD4 /* CoordinatorType.swift in Sources */,
				199268F42A2780F600097FD4 /* NetworkService.swift in Sources */,
				199269012A27AC9700097FD4 /* LatestRatesApiDataSource.swift in Sources */,
				199268DA2A2762BE00097FD4 /* BaseCoordinator.swift in Sources */,
			);
			runOnlyForDeploymentPostprocessing = 0;
		};
		19F9D6CC2A26A7A700D4536A /* Sources */ = {
			isa = PBXSourcesBuildPhase;
			buildActionMask = 2147483647;
			files = (
				19F9D6D52A26A7A700D4536A /* CurrencyExchangerTests.swift in Sources */,
				198F82022A2BB1D90071F787 /* LatestRatesAPIRepositoryStub.swift in Sources */,
			);
			runOnlyForDeploymentPostprocessing = 0;
		};
		19F9D6D62A26A7A700D4536A /* Sources */ = {
			isa = PBXSourcesBuildPhase;
			buildActionMask = 2147483647;
			files = (
				19F9D6DF2A26A7A700D4536A /* CurrencyExchangerUITests.swift in Sources */,
				19F9D6E12A26A7A700D4536A /* CurrencyExchangerUITestsLaunchTests.swift in Sources */,
			);
			runOnlyForDeploymentPostprocessing = 0;
		};
/* End PBXSourcesBuildPhase section */

/* Begin PBXTargetDependency section */
		19F9D6D22A26A7A700D4536A /* PBXTargetDependency */ = {
			isa = PBXTargetDependency;
			target = 19F9D6B62A26A7A400D4536A /* Currency Exchanger */;
			targetProxy = 19F9D6D12A26A7A700D4536A /* PBXContainerItemProxy */;
		};
		19F9D6DC2A26A7A700D4536A /* PBXTargetDependency */ = {
			isa = PBXTargetDependency;
			target = 19F9D6B62A26A7A400D4536A /* Currency Exchanger */;
			targetProxy = 19F9D6DB2A26A7A700D4536A /* PBXContainerItemProxy */;
		};
/* End PBXTargetDependency section */

/* Begin PBXVariantGroup section */
		19F9D6C02A26A7A400D4536A /* Main.storyboard */ = {
			isa = PBXVariantGroup;
			children = (
				19F9D6C12A26A7A400D4536A /* Base */,
			);
			name = Main.storyboard;
			sourceTree = "<group>";
		};
		19F9D6C82A26A7A700D4536A /* LaunchScreen.storyboard */ = {
			isa = PBXVariantGroup;
			children = (
				19F9D6C92A26A7A700D4536A /* Base */,
			);
			name = LaunchScreen.storyboard;
			sourceTree = "<group>";
		};
/* End PBXVariantGroup section */

/* Begin XCBuildConfiguration section */
		19F9D6E22A26A7A700D4536A /* Debug */ = {
			isa = XCBuildConfiguration;
			buildSettings = {
				ALWAYS_SEARCH_USER_PATHS = NO;
				CLANG_ANALYZER_NONNULL = YES;
				CLANG_ANALYZER_NUMBER_OBJECT_CONVERSION = YES_AGGRESSIVE;
				CLANG_CXX_LANGUAGE_STANDARD = "gnu++20";
				CLANG_ENABLE_MODULES = YES;
				CLANG_ENABLE_OBJC_ARC = YES;
				CLANG_ENABLE_OBJC_WEAK = YES;
				CLANG_WARN_BLOCK_CAPTURE_AUTORELEASING = YES;
				CLANG_WARN_BOOL_CONVERSION = YES;
				CLANG_WARN_COMMA = YES;
				CLANG_WARN_CONSTANT_CONVERSION = YES;
				CLANG_WARN_DEPRECATED_OBJC_IMPLEMENTATIONS = YES;
				CLANG_WARN_DIRECT_OBJC_ISA_USAGE = YES_ERROR;
				CLANG_WARN_DOCUMENTATION_COMMENTS = YES;
				CLANG_WARN_EMPTY_BODY = YES;
				CLANG_WARN_ENUM_CONVERSION = YES;
				CLANG_WARN_INFINITE_RECURSION = YES;
				CLANG_WARN_INT_CONVERSION = YES;
				CLANG_WARN_NON_LITERAL_NULL_CONVERSION = YES;
				CLANG_WARN_OBJC_IMPLICIT_RETAIN_SELF = YES;
				CLANG_WARN_OBJC_LITERAL_CONVERSION = YES;
				CLANG_WARN_OBJC_ROOT_CLASS = YES_ERROR;
				CLANG_WARN_QUOTED_INCLUDE_IN_FRAMEWORK_HEADER = YES;
				CLANG_WARN_RANGE_LOOP_ANALYSIS = YES;
				CLANG_WARN_STRICT_PROTOTYPES = YES;
				CLANG_WARN_SUSPICIOUS_MOVE = YES;
				CLANG_WARN_UNGUARDED_AVAILABILITY = YES_AGGRESSIVE;
				CLANG_WARN_UNREACHABLE_CODE = YES;
				CLANG_WARN__DUPLICATE_METHOD_MATCH = YES;
				COPY_PHASE_STRIP = NO;
				DEBUG_INFORMATION_FORMAT = dwarf;
				ENABLE_STRICT_OBJC_MSGSEND = YES;
				ENABLE_TESTABILITY = YES;
				GCC_C_LANGUAGE_STANDARD = gnu11;
				GCC_DYNAMIC_NO_PIC = NO;
				GCC_NO_COMMON_BLOCKS = YES;
				GCC_OPTIMIZATION_LEVEL = 0;
				GCC_PREPROCESSOR_DEFINITIONS = (
					"DEBUG=1",
					"$(inherited)",
				);
				GCC_WARN_64_TO_32_BIT_CONVERSION = YES;
				GCC_WARN_ABOUT_RETURN_TYPE = YES_ERROR;
				GCC_WARN_UNDECLARED_SELECTOR = YES;
				GCC_WARN_UNINITIALIZED_AUTOS = YES_AGGRESSIVE;
				GCC_WARN_UNUSED_FUNCTION = YES;
				GCC_WARN_UNUSED_VARIABLE = YES;
				IPHONEOS_DEPLOYMENT_TARGET = 16.2;
				MTL_ENABLE_DEBUG_INFO = INCLUDE_SOURCE;
				MTL_FAST_MATH = YES;
				ONLY_ACTIVE_ARCH = YES;
				SDKROOT = iphoneos;
				SWIFT_ACTIVE_COMPILATION_CONDITIONS = DEBUG;
				SWIFT_OPTIMIZATION_LEVEL = "-Onone";
			};
			name = Debug;
		};
		19F9D6E32A26A7A700D4536A /* Release */ = {
			isa = XCBuildConfiguration;
			buildSettings = {
				ALWAYS_SEARCH_USER_PATHS = NO;
				CLANG_ANALYZER_NONNULL = YES;
				CLANG_ANALYZER_NUMBER_OBJECT_CONVERSION = YES_AGGRESSIVE;
				CLANG_CXX_LANGUAGE_STANDARD = "gnu++20";
				CLANG_ENABLE_MODULES = YES;
				CLANG_ENABLE_OBJC_ARC = YES;
				CLANG_ENABLE_OBJC_WEAK = YES;
				CLANG_WARN_BLOCK_CAPTURE_AUTORELEASING = YES;
				CLANG_WARN_BOOL_CONVERSION = YES;
				CLANG_WARN_COMMA = YES;
				CLANG_WARN_CONSTANT_CONVERSION = YES;
				CLANG_WARN_DEPRECATED_OBJC_IMPLEMENTATIONS = YES;
				CLANG_WARN_DIRECT_OBJC_ISA_USAGE = YES_ERROR;
				CLANG_WARN_DOCUMENTATION_COMMENTS = YES;
				CLANG_WARN_EMPTY_BODY = YES;
				CLANG_WARN_ENUM_CONVERSION = YES;
				CLANG_WARN_INFINITE_RECURSION = YES;
				CLANG_WARN_INT_CONVERSION = YES;
				CLANG_WARN_NON_LITERAL_NULL_CONVERSION = YES;
				CLANG_WARN_OBJC_IMPLICIT_RETAIN_SELF = YES;
				CLANG_WARN_OBJC_LITERAL_CONVERSION = YES;
				CLANG_WARN_OBJC_ROOT_CLASS = YES_ERROR;
				CLANG_WARN_QUOTED_INCLUDE_IN_FRAMEWORK_HEADER = YES;
				CLANG_WARN_RANGE_LOOP_ANALYSIS = YES;
				CLANG_WARN_STRICT_PROTOTYPES = YES;
				CLANG_WARN_SUSPICIOUS_MOVE = YES;
				CLANG_WARN_UNGUARDED_AVAILABILITY = YES_AGGRESSIVE;
				CLANG_WARN_UNREACHABLE_CODE = YES;
				CLANG_WARN__DUPLICATE_METHOD_MATCH = YES;
				COPY_PHASE_STRIP = NO;
				DEBUG_INFORMATION_FORMAT = "dwarf-with-dsym";
				ENABLE_NS_ASSERTIONS = NO;
				ENABLE_STRICT_OBJC_MSGSEND = YES;
				GCC_C_LANGUAGE_STANDARD = gnu11;
				GCC_NO_COMMON_BLOCKS = YES;
				GCC_WARN_64_TO_32_BIT_CONVERSION = YES;
				GCC_WARN_ABOUT_RETURN_TYPE = YES_ERROR;
				GCC_WARN_UNDECLARED_SELECTOR = YES;
				GCC_WARN_UNINITIALIZED_AUTOS = YES_AGGRESSIVE;
				GCC_WARN_UNUSED_FUNCTION = YES;
				GCC_WARN_UNUSED_VARIABLE = YES;
				IPHONEOS_DEPLOYMENT_TARGET = 16.2;
				MTL_ENABLE_DEBUG_INFO = NO;
				MTL_FAST_MATH = YES;
				SDKROOT = iphoneos;
				SWIFT_COMPILATION_MODE = wholemodule;
				SWIFT_OPTIMIZATION_LEVEL = "-O";
				VALIDATE_PRODUCT = YES;
			};
			name = Release;
		};
		19F9D6E52A26A7A700D4536A /* Debug */ = {
			isa = XCBuildConfiguration;
			baseConfigurationReference = 54A86600A03F2F10E54048EF /* Pods-Currency Exchanger.debug.xcconfig */;
			buildSettings = {
				ASSETCATALOG_COMPILER_APPICON_NAME = AppIcon;
				ASSETCATALOG_COMPILER_GLOBAL_ACCENT_COLOR_NAME = AccentColor;
				CODE_SIGN_STYLE = Automatic;
				CURRENT_PROJECT_VERSION = 1;
				GENERATE_INFOPLIST_FILE = YES;
				INFOPLIST_FILE = "Currency Exchanger/Info.plist";
				INFOPLIST_KEY_UIApplicationSupportsIndirectInputEvents = YES;
				INFOPLIST_KEY_UILaunchStoryboardName = LaunchScreen;
				INFOPLIST_KEY_UIMainStoryboardFile = Main;
				INFOPLIST_KEY_UISupportedInterfaceOrientations_iPad = "UIInterfaceOrientationPortrait UIInterfaceOrientationPortraitUpsideDown UIInterfaceOrientationLandscapeLeft UIInterfaceOrientationLandscapeRight";
				INFOPLIST_KEY_UISupportedInterfaceOrientations_iPhone = "UIInterfaceOrientationPortrait UIInterfaceOrientationLandscapeLeft UIInterfaceOrientationLandscapeRight";
				IPHONEOS_DEPLOYMENT_TARGET = 13.0;
				LD_RUNPATH_SEARCH_PATHS = (
					"$(inherited)",
					"@executable_path/Frameworks",
				);
				MARKETING_VERSION = 1.0;
				PRODUCT_BUNDLE_IDENTIFIER = "eslam.Currency-Exchanger";
				PRODUCT_NAME = "$(TARGET_NAME)";
				SWIFT_EMIT_LOC_STRINGS = YES;
				SWIFT_VERSION = 5.0;
				TARGETED_DEVICE_FAMILY = "1,2";
			};
			name = Debug;
		};
		19F9D6E62A26A7A700D4536A /* Release */ = {
			isa = XCBuildConfiguration;
			baseConfigurationReference = 2786FD4A5039BA21AD6A53F3 /* Pods-Currency Exchanger.release.xcconfig */;
			buildSettings = {
				ASSETCATALOG_COMPILER_APPICON_NAME = AppIcon;
				ASSETCATALOG_COMPILER_GLOBAL_ACCENT_COLOR_NAME = AccentColor;
				CODE_SIGN_STYLE = Automatic;
				CURRENT_PROJECT_VERSION = 1;
				GENERATE_INFOPLIST_FILE = YES;
				INFOPLIST_FILE = "Currency Exchanger/Info.plist";
				INFOPLIST_KEY_UIApplicationSupportsIndirectInputEvents = YES;
				INFOPLIST_KEY_UILaunchStoryboardName = LaunchScreen;
				INFOPLIST_KEY_UIMainStoryboardFile = Main;
				INFOPLIST_KEY_UISupportedInterfaceOrientations_iPad = "UIInterfaceOrientationPortrait UIInterfaceOrientationPortraitUpsideDown UIInterfaceOrientationLandscapeLeft UIInterfaceOrientationLandscapeRight";
				INFOPLIST_KEY_UISupportedInterfaceOrientations_iPhone = "UIInterfaceOrientationPortrait UIInterfaceOrientationLandscapeLeft UIInterfaceOrientationLandscapeRight";
				IPHONEOS_DEPLOYMENT_TARGET = 13.0;
				LD_RUNPATH_SEARCH_PATHS = (
					"$(inherited)",
					"@executable_path/Frameworks",
				);
				MARKETING_VERSION = 1.0;
				PRODUCT_BUNDLE_IDENTIFIER = "eslam.Currency-Exchanger";
				PRODUCT_NAME = "$(TARGET_NAME)";
				SWIFT_EMIT_LOC_STRINGS = YES;
				SWIFT_VERSION = 5.0;
				TARGETED_DEVICE_FAMILY = "1,2";
			};
			name = Release;
		};
		19F9D6E82A26A7A700D4536A /* Debug */ = {
			isa = XCBuildConfiguration;
			baseConfigurationReference = F648CB2E77CEA37F5959D102 /* Pods-Currency ExchangerTests.debug.xcconfig */;
			buildSettings = {
				ALWAYS_EMBED_SWIFT_STANDARD_LIBRARIES = YES;
				BUNDLE_LOADER = "$(TEST_HOST)";
				CODE_SIGN_STYLE = Automatic;
				CURRENT_PROJECT_VERSION = 1;
				GENERATE_INFOPLIST_FILE = YES;
				IPHONEOS_DEPLOYMENT_TARGET = 16.2;
				MARKETING_VERSION = 1.0;
				PRODUCT_BUNDLE_IDENTIFIER = "eslam.Currency-ExchangerTests";
				PRODUCT_NAME = "$(TARGET_NAME)";
				SWIFT_EMIT_LOC_STRINGS = NO;
				SWIFT_VERSION = 5.0;
				TARGETED_DEVICE_FAMILY = "1,2";
				TEST_HOST = "$(BUILT_PRODUCTS_DIR)/Currency Exchanger.app/$(BUNDLE_EXECUTABLE_FOLDER_PATH)/Currency Exchanger";
			};
			name = Debug;
		};
		19F9D6E92A26A7A700D4536A /* Release */ = {
			isa = XCBuildConfiguration;
			baseConfigurationReference = 3F7196E70E7D364F8366D053 /* Pods-Currency ExchangerTests.release.xcconfig */;
			buildSettings = {
				ALWAYS_EMBED_SWIFT_STANDARD_LIBRARIES = YES;
				BUNDLE_LOADER = "$(TEST_HOST)";
				CODE_SIGN_STYLE = Automatic;
				CURRENT_PROJECT_VERSION = 1;
				GENERATE_INFOPLIST_FILE = YES;
				IPHONEOS_DEPLOYMENT_TARGET = 16.2;
				MARKETING_VERSION = 1.0;
				PRODUCT_BUNDLE_IDENTIFIER = "eslam.Currency-ExchangerTests";
				PRODUCT_NAME = "$(TARGET_NAME)";
				SWIFT_EMIT_LOC_STRINGS = NO;
				SWIFT_VERSION = 5.0;
				TARGETED_DEVICE_FAMILY = "1,2";
				TEST_HOST = "$(BUILT_PRODUCTS_DIR)/Currency Exchanger.app/$(BUNDLE_EXECUTABLE_FOLDER_PATH)/Currency Exchanger";
			};
			name = Release;
		};
		19F9D6EB2A26A7A700D4536A /* Debug */ = {
			isa = XCBuildConfiguration;
			baseConfigurationReference = 1BCAFD206F5A586BE06AD7CD /* Pods-Currency Exchanger-Currency ExchangerUITests.debug.xcconfig */;
			buildSettings = {
				ALWAYS_EMBED_SWIFT_STANDARD_LIBRARIES = YES;
				CODE_SIGN_STYLE = Automatic;
				CURRENT_PROJECT_VERSION = 1;
				GENERATE_INFOPLIST_FILE = YES;
				MARKETING_VERSION = 1.0;
				PRODUCT_BUNDLE_IDENTIFIER = "eslam.Currency-ExchangerUITests";
				PRODUCT_NAME = "$(TARGET_NAME)";
				SWIFT_EMIT_LOC_STRINGS = NO;
				SWIFT_VERSION = 5.0;
				TARGETED_DEVICE_FAMILY = "1,2";
				TEST_TARGET_NAME = "Currency Exchanger";
			};
			name = Debug;
		};
		19F9D6EC2A26A7A700D4536A /* Release */ = {
			isa = XCBuildConfiguration;
			baseConfigurationReference = D7E66BA044BF7282A268117F /* Pods-Currency Exchanger-Currency ExchangerUITests.release.xcconfig */;
			buildSettings = {
				ALWAYS_EMBED_SWIFT_STANDARD_LIBRARIES = YES;
				CODE_SIGN_STYLE = Automatic;
				CURRENT_PROJECT_VERSION = 1;
				GENERATE_INFOPLIST_FILE = YES;
				MARKETING_VERSION = 1.0;
				PRODUCT_BUNDLE_IDENTIFIER = "eslam.Currency-ExchangerUITests";
				PRODUCT_NAME = "$(TARGET_NAME)";
				SWIFT_EMIT_LOC_STRINGS = NO;
				SWIFT_VERSION = 5.0;
				TARGETED_DEVICE_FAMILY = "1,2";
				TEST_TARGET_NAME = "Currency Exchanger";
			};
			name = Release;
		};
/* End XCBuildConfiguration section */

/* Begin XCConfigurationList section */
		19F9D6B22A26A7A400D4536A /* Build configuration list for PBXProject "Currency Exchanger" */ = {
			isa = XCConfigurationList;
			buildConfigurations = (
				19F9D6E22A26A7A700D4536A /* Debug */,
				19F9D6E32A26A7A700D4536A /* Release */,
			);
			defaultConfigurationIsVisible = 0;
			defaultConfigurationName = Release;
		};
		19F9D6E42A26A7A700D4536A /* Build configuration list for PBXNativeTarget "Currency Exchanger" */ = {
			isa = XCConfigurationList;
			buildConfigurations = (
				19F9D6E52A26A7A700D4536A /* Debug */,
				19F9D6E62A26A7A700D4536A /* Release */,
			);
			defaultConfigurationIsVisible = 0;
			defaultConfigurationName = Release;
		};
		19F9D6E72A26A7A700D4536A /* Build configuration list for PBXNativeTarget "Currency ExchangerTests" */ = {
			isa = XCConfigurationList;
			buildConfigurations = (
				19F9D6E82A26A7A700D4536A /* Debug */,
				19F9D6E92A26A7A700D4536A /* Release */,
			);
			defaultConfigurationIsVisible = 0;
			defaultConfigurationName = Release;
		};
		19F9D6EA2A26A7A700D4536A /* Build configuration list for PBXNativeTarget "Currency ExchangerUITests" */ = {
			isa = XCConfigurationList;
			buildConfigurations = (
				19F9D6EB2A26A7A700D4536A /* Debug */,
				19F9D6EC2A26A7A700D4536A /* Release */,
			);
			defaultConfigurationIsVisible = 0;
			defaultConfigurationName = Release;
		};
/* End XCConfigurationList section */

/* Begin XCVersionGroup section */
		19F9D6C32A26A7A400D4536A /* Currency_Exchanger.xcdatamodeld */ = {
			isa = XCVersionGroup;
			children = (
				19F9D6C42A26A7A400D4536A /* Currency_Exchanger.xcdatamodel */,
			);
			currentVersion = 19F9D6C42A26A7A400D4536A /* Currency_Exchanger.xcdatamodel */;
			path = Currency_Exchanger.xcdatamodeld;
			sourceTree = "<group>";
			versionGroupType = wrapper.xcdatamodel;
		};
/* End XCVersionGroup section */
	};
	rootObject = 19F9D6AF2A26A7A400D4536A /* Project object */;
}
